
Microsoft Visual Studio Solution File, Format Version 12.00
# Visual Studio Version 17
VisualStudioVersion = 17.0.31903.59
MinimumVisualStudioVersion = 10.0.40219.1
Project("{FAE04EC0-301F-11D3-BF4B-00C04F79EFBC}") = "Zigote.Core", "Zigote.Core\Zigote.Core.csproj", "{A1B2C3D4-E5F6-7890-ABCD-EF1234567890}"
EndProject
Project("{FAE04EC0-301F-11D3-BF4B-00C04F79EFBC}") = "Zigote.UI", "Zigote.UI\Zigote.UI.csproj", "{B2C3D4E5-F6A7-8901-BCDE-F12345678901}"
EndProject
Project("{FAE04EC0-301F-11D3-BF4B-00C04F79EFBC}") = "Zigote.Editor", "Zigote.Editor\Zigote.Editor.csproj", "{D4E5F6A7-B8C9-0123-DEF0-234567890123}"
EndProject
Project("{FAE04EC0-301F-11D3-BF4B-00C04F79EFBC}") = "Zigote.Generators", "Zigote.Generators\Zigote.Generators.csproj", "{37A6258B-7644-4F36-82AC-A8A7F074DF27}"
EndProject
Project("{FAE04EC0-301F-11D3-BF4B-00C04F79EFBC}") = "Zigote.UI.Gallery", "Zigote.UI.Gallery\Zigote.UI.Gallery.csproj", "{2E538727-6242-4581-AFE8-6F58DBBCB750}"
EndProject
Project("{FAE04EC0-301F-11D3-BF4B-00C04F79EFBC}") = "Zigote.Scripting", "Zigote.Scripting\Zigote.Scripting.csproj", "{E5F6A7B8-C9D0-1234-EF01-345678901234}"
EndProject
Project("{FAE04EC0-301F-11D3-BF4B-00C04F79EFBC}") = "Zigote.Game", "Zigote.Game\Zigote.Game.csproj", "{F6A7B8C9-D0E1-2345-F012-456789012345}"
EndProject
Project("{FAE04EC0-301F-11D3-BF4B-00C04F79EFBC}") = "Zigote.Graphs.Core", "Zigote.Graphs.Core\Zigote.Graphs.Core.csproj", "{A7B8C9D0-E1F2-3456-0123-567890123456}"
EndProject
Project("{FAE04EC0-301F-11D3-BF4B-00C04F79EFBC}") = "Zigote.Graphs.Commands", "Zigote.Graphs.Commands\Zigote.Graphs.Commands.csproj", "{B8C9D0E1-F2A3-4567-1234-678901234567}"
EndProject
Project("{FAE04EC0-301F-11D3-BF4B-00C04F79EFBC}") = "Zigote.Graphs.Registry", "Zigote.Graphs.Registry\Zigote.Graphs.Registry.csproj", "{C9D0E1F2-A3B4-5678-2345-789012345678}"
EndProject
Project("{FAE04EC0-301F-11D3-BF4B-00C04F79EFBC}") = "Zigote.Graphs.Editor", "Zigote.Graphs.Editor\Zigote.Graphs.Editor.csproj", "{D0E1F2A3-B4C5-6789-3456-890123456789}"
EndProject
Project("{FAE04EC0-301F-11D3-BF4B-00C04F79EFBC}") = "Zigote.Tests", "Zigote.Tests\Zigote.Tests.csproj", "{310C5B5F-A849-4FB0-8B59-B823FD588E76}"
EndProject
Project("{F2A71F9B-5D33-465A-A702-920D77279786}") = "Zigote.Modules.UI.CodeEditor", "Zigote.Modules.UI.CodeEditor\Zigote.Modules.UI.CodeEditor.fsproj", "{B5A46142-3870-4AC8-A5BD-4EF57571648B}"
EndProject
Project("{FAE04EC0-301F-11D3-BF4B-00C04F79EFBC}") = "Zigote.ECS", "Zigote.ECS\Zigote.ECS.csproj", "{5D070C83-F10D-42D9-814C-2249210F26A0}"
EndProject
Project("{FAE04EC0-301F-11D3-BF4B-00C04F79EFBC}") = "Zigote.Network", "Zigote.Network\Zigote.Network.csproj", "{7A147119-2B17-4C8F-A9B3-8CB9BC113409}"
EndProject
Project("{FAE04EC0-301F-11D3-BF4B-00C04F79EFBC}") = "Zigote.SmokeTest", "Zigote.SmokeTest\Zigote.SmokeTest.csproj", "{6B6ABB95-1510-4E6D-86A8-7B352D6C39EF}"
EndProject
Project("{FAE04EC0-301F-11D3-BF4B-00C04F79EFBC}") = "Zigote.Graphs.Shading", "Zigote.Graphs.Shading\Zigote.Graphs.Shading.csproj", "{208BC104-FC0C-4876-9D57-C8FA832BD7B3}"
EndProject
Project("{FAE04EC0-301F-11D3-BF4B-00C04F79EFBC}") = "Zigote.Vfx", "Zigote.Vfx\Zigote.Vfx.csproj", "{D6F11D5D-DD6C-4B1F-9770-D4083410E402}"
EndProject
Project("{FAE04EC0-301F-11D3-BF4B-00C04F79EFBC}") = "Zigote.Graphs.Vfx", "Zigote.Graphs.Vfx\Zigote.Graphs.Vfx.csproj", "{F79E4EC7-A419-4EC6-B688-3D7C58999AD9}"
EndProject
Project("{FAE04EC0-301F-11D3-BF4B-00C04F79EFBC}") = "Zigote.Cinematics", "Zigote.Cinematics\Zigote.Cinematics.csproj", "{0A14C513-16AD-41CF-96D6-6C5E25F80751}"
EndProject
Project("{FAE04EC0-301F-11D3-BF4B-00C04F79EFBC}") = "Zigote.Runtime", "Zigote.Runtime\Zigote.Runtime.csproj", "{6D0B3761-0596-47AE-B485-FF931549D2FB}"
EndProject
Project("{FAE04EC0-301F-11D3-BF4B-00C04F79EFBC}") = "Zigote.Player", "Zigote.Player\Zigote.Player.csproj", "{A6FD94FC-64E6-4605-A8BA-2014DD12B838}"
EndProject
Project("{FAE04EC0-301F-11D3-BF4B-00C04F79EFBC}") = "Zigote.Render2D", "Zigote.Render2D\Zigote.Render2D.csproj", "{3250C2CA-56A3-405E-B859-8076E5132134}"
EndProject
Project("{FAE04EC0-301F-11D3-BF4B-00C04F79EFBC}") = "Zigote.World", "Zigote.World\Zigote.World.csproj", "{8C905964-A417-4B9D-A323-92D23687810D}"
EndProject
Project("{FAE04EC0-301F-11D3-BF4B-00C04F79EFBC}") = "Zigote.Save", "Zigote.Save\Zigote.Save.csproj", "{6444C51E-D519-4A18-A693-FF95DCCAAFC9}"
EndProject
Project("{FAE04EC0-301F-11D3-BF4B-00C04F79EFBC}") = "Zigote.Physics2D", "Zigote.Physics2D\Zigote.Physics2D.csproj", "{8B03F501-842F-4867-BE61-7476E32F4A04}"
EndProject
Project("{FAE04EC0-301F-11D3-BF4B-00C04F79EFBC}") = "Zigote.UI.Charts", "Zigote.UI.Charts\Zigote.UI.Charts.csproj", "{3B156659-18F8-46BC-A857-C9EAF6D10C06}"
EndProject
Project("{FAE04EC0-301F-11D3-BF4B-00C04F79EFBC}") = "Zigote.UI.Material", "Zigote.UI.Material\Zigote.UI.Material.csproj", "{83C446EC-2D92-4D69-9803-C3C8DDAD209A}"
EndProject
Project("{FAE04EC0-301F-11D3-BF4B-00C04F79EFBC}") = "Zigote.UI.Localizations", "Zigote.UI.Localizations\Zigote.UI.Localizations.csproj", "{1D0C5E61-0093-4DA1-9670-2C1B7F25168F}"
EndProject
Project("{FAE04EC0-301F-11D3-BF4B-00C04F79EFBC}") = "Zigote.UI.Localizations.Tests", "Zigote.UI.Localizations.Tests\Zigote.UI.Localizations.Tests.csproj", "{C962F205-8DE8-4031-9A94-D34D79C2CA35}"
EndProject
Project("{F2A71F9B-5D33-465A-A702-920D77279786}") = "Zigote.UI.FSharp", "Zigote.UI.FSharp\Zigote.UI.FSharp.fsproj", "{D4424EB8-8BCD-4418-A1FE-D1310D72BEA4}"
EndProject
Project("{F2A71F9B-5D33-465A-A702-920D77279786}") = "Zigote.UI.FSharp.Tests", "Zigote.UI.FSharp.Tests\Zigote.UI.FSharp.Tests.fsproj", "{B65FFC7F-130A-4CEF-80C5-FC7702BDE839}"
EndProject
Project("{F2A71F9B-5D33-465A-A702-920D77279786}") = "Zigote.UI.FSharp.Gallery", "Zigote.UI.FSharp.Gallery\Zigote.UI.FSharp.Gallery.fsproj", "{C419121E-134F-41C6-8F1E-C5FA85879A98}"
EndProject
Project("{FAE04EC0-301F-11D3-BF4B-00C04F79EFBC}") = "Zigote.UI.DevTools", "Zigote.UI.DevTools\Zigote.UI.DevTools.csproj", "{40139353-C404-4C44-9B3B-8A3FD70F36F9}"
EndProject
Project("{FAE04EC0-301F-11D3-BF4B-00C04F79EFBC}") = "Zigote.Ecs.Benchmark", "Zigote.Ecs.Benchmark\Zigote.Ecs.Benchmark.csproj", "{EBEF7463-9AE7-4629-A118-5CE7096672A6}"
EndProject
Project("{FAE04EC0-301F-11D3-BF4B-00C04F79EFBC}") = "Zigote.Persistence", "Zigote.Persistence\Zigote.Persistence.csproj", "{1C97AA1B-6235-4CC5-819F-ADAA1CBAFD6A}"
EndProject
Project("{FAE04EC0-301F-11D3-BF4B-00C04F79EFBC}") = "Zigote.Persistence.SQLite", "Zigote.Persistence.SQLite\Zigote.Persistence.SQLite.csproj", "{30F7CD76-22C5-4BD4-88E5-1F6B8A4A1369}"
EndProject
Project("{FAE04EC0-301F-11D3-BF4B-00C04F79EFBC}") = "Zigote.Preferences", "Zigote.Preferences\Zigote.Preferences.csproj", "{C8BB5C8A-ACAF-45D3-82E2-811F9637FBD0}"
EndProject
Project("{FAE04EC0-301F-11D3-BF4B-00C04F79EFBC}") = "Zigote.Reactive.Benchmark", "Zigote.Reactive.Benchmark\Zigote.Reactive.Benchmark.csproj", "{02CC0638-D52F-4099-A3D8-2933DBD2482F}"
EndProject
Project("{FAE04EC0-301F-11D3-BF4B-00C04F79EFBC}") = "Zigote.UI.Adwaita", "Zigote.UI.Adwaita\Zigote.UI.Adwaita.csproj", "{5939DFB8-9B7F-459F-B79A-922BDB337EDF}"
EndProject
Project("{FAE04EC0-301F-11D3-BF4B-00C04F79EFBC}") = "Zigote.UI.Adwaita.Gallery", "Zigote.UI.Adwaita.Gallery\Zigote.UI.Adwaita.Gallery.csproj", "{C3EBE862-6321-40B4-A511-8FECFB6F6A75}"
EndProject
Project("{FAE04EC0-301F-11D3-BF4B-00C04F79EFBC}") = "Zigote.Bloc", "Zigote.Bloc\Zigote.Bloc.csproj", "{4CBF1EAA-9427-4E42-A206-5ABB1C1E63C1}"
EndProject
Project("{FAE04EC0-301F-11D3-BF4B-00C04F79EFBC}") = "Zigote.Logging", "Zigote.Logging\Zigote.Logging.csproj", "{1D5EE1AC-B4A0-40A1-B3D3-5D570C5B797E}"
EndProject
Project("{FAE04EC0-301F-11D3-BF4B-00C04F79EFBC}") = "Zigote.Reactive.R3", "Zigote.Reactive.R3\Zigote.Reactive.R3.csproj", "{B8206453-DAAC-470F-9797-F7F9194BDD8F}"
EndProject
Project("{FAE04EC0-301F-11D3-BF4B-00C04F79EFBC}") = "Zigote.UI.BottomSheet", "Zigote.UI.BottomSheet\Zigote.UI.BottomSheet.csproj", "{CA426919-7A4B-4265-B1B3-1A1E3F1E0186}"
EndProject
Project("{FAE04EC0-301F-11D3-BF4B-00C04F79EFBC}") = "Zigote.UI.HelloWorld", "Zigote.UI.HelloWorld\Zigote.UI.HelloWorld.csproj", "{9ED7FD7E-FDC4-49B1-8A8F-0CAEACCBB0E3}"
EndProject
Global
	GlobalSection(SolutionConfigurationPlatforms) = preSolution
		Debug|Any CPU = Debug|Any CPU
		Debug|x64 = Debug|x64
		Debug|x86 = Debug|x86
		Release|Any CPU = Release|Any CPU
		Release|x64 = Release|x64
		Release|x86 = Release|x86
	EndGlobalSection
	GlobalSection(ProjectConfigurationPlatforms) = postSolution
		{A1B2C3D4-E5F6-7890-ABCD-EF1234567890}.Debug|Any CPU.ActiveCfg = Debug|Any CPU
		{A1B2C3D4-E5F6-7890-ABCD-EF1234567890}.Debug|Any CPU.Build.0 = Debug|Any CPU
		{A1B2C3D4-E5F6-7890-ABCD-EF1234567890}.Debug|x64.ActiveCfg = Debug|Any CPU
		{A1B2C3D4-E5F6-7890-ABCD-EF1234567890}.Debug|x64.Build.0 = Debug|Any CPU
		{A1B2C3D4-E5F6-7890-ABCD-EF1234567890}.Debug|x86.ActiveCfg = Debug|Any CPU
		{A1B2C3D4-E5F6-7890-ABCD-EF1234567890}.Debug|x86.Build.0 = Debug|Any CPU
		{A1B2C3D4-E5F6-7890-ABCD-EF1234567890}.Release|Any CPU.ActiveCfg = Release|Any CPU
		{A1B2C3D4-E5F6-7890-ABCD-EF1234567890}.Release|Any CPU.Build.0 = Release|Any CPU
		{A1B2C3D4-E5F6-7890-ABCD-EF1234567890}.Release|x64.ActiveCfg = Release|Any CPU
		{A1B2C3D4-E5F6-7890-ABCD-EF1234567890}.Release|x64.Build.0 = Release|Any CPU
		{A1B2C3D4-E5F6-7890-ABCD-EF1234567890}.Release|x86.ActiveCfg = Release|Any CPU
		{A1B2C3D4-E5F6-7890-ABCD-EF1234567890}.Release|x86.Build.0 = Release|Any CPU
		{B2C3D4E5-F6A7-8901-BCDE-F12345678901}.Debug|Any CPU.ActiveCfg = Debug|Any CPU
		{B2C3D4E5-F6A7-8901-BCDE-F12345678901}.Debug|Any CPU.Build.0 = Debug|Any CPU
		{B2C3D4E5-F6A7-8901-BCDE-F12345678901}.Debug|x64.ActiveCfg = Debug|Any CPU
		{B2C3D4E5-F6A7-8901-BCDE-F12345678901}.Debug|x64.Build.0 = Debug|Any CPU
		{B2C3D4E5-F6A7-8901-BCDE-F12345678901}.Debug|x86.ActiveCfg = Debug|Any CPU
		{B2C3D4E5-F6A7-8901-BCDE-F12345678901}.Debug|x86.Build.0 = Debug|Any CPU
		{B2C3D4E5-F6A7-8901-BCDE-F12345678901}.Release|Any CPU.ActiveCfg = Release|Any CPU
		{B2C3D4E5-F6A7-8901-BCDE-F12345678901}.Release|Any CPU.Build.0 = Release|Any CPU
		{B2C3D4E5-F6A7-8901-BCDE-F12345678901}.Release|x64.ActiveCfg = Release|Any CPU
		{B2C3D4E5-F6A7-8901-BCDE-F12345678901}.Release|x64.Build.0 = Release|Any CPU
		{B2C3D4E5-F6A7-8901-BCDE-F12345678901}.Release|x86.ActiveCfg = Release|Any CPU
		{B2C3D4E5-F6A7-8901-BCDE-F12345678901}.Release|x86.Build.0 = Release|Any CPU
		{D4E5F6A7-B8C9-0123-DEF0-234567890123}.Debug|Any CPU.ActiveCfg = Debug|Any CPU
		{D4E5F6A7-B8C9-0123-DEF0-234567890123}.Debug|Any CPU.Build.0 = Debug|Any CPU
		{D4E5F6A7-B8C9-0123-DEF0-234567890123}.Debug|x64.ActiveCfg = Debug|Any CPU
		{D4E5F6A7-B8C9-0123-DEF0-234567890123}.Debug|x64.Build.0 = Debug|Any CPU
		{D4E5F6A7-B8C9-0123-DEF0-234567890123}.Debug|x86.ActiveCfg = Debug|Any CPU
		{D4E5F6A7-B8C9-0123-DEF0-234567890123}.Debug|x86.Build.0 = Debug|Any CPU
		{D4E5F6A7-B8C9-0123-DEF0-234567890123}.Release|Any CPU.ActiveCfg = Release|Any CPU
		{D4E5F6A7-B8C9-0123-DEF0-234567890123}.Release|Any CPU.Build.0 = Release|Any CPU
		{D4E5F6A7-B8C9-0123-DEF0-234567890123}.Release|x64.ActiveCfg = Release|Any CPU
		{D4E5F6A7-B8C9-0123-DEF0-234567890123}.Release|x64.Build.0 = Release|Any CPU
		{D4E5F6A7-B8C9-0123-DEF0-234567890123}.Release|x86.ActiveCfg = Release|Any CPU
		{D4E5F6A7-B8C9-0123-DEF0-234567890123}.Release|x86.Build.0 = Release|Any CPU
		{37A6258B-7644-4F36-82AC-A8A7F074DF27}.Debug|Any CPU.ActiveCfg = Debug|Any CPU
		{37A6258B-7644-4F36-82AC-A8A7F074DF27}.Debug|Any CPU.Build.0 = Debug|Any CPU
		{37A6258B-7644-4F36-82AC-A8A7F074DF27}.Debug|x64.ActiveCfg = Debug|Any CPU
		{37A6258B-7644-4F36-82AC-A8A7F074DF27}.Debug|x64.Build.0 = Debug|Any CPU
		{37A6258B-7644-4F36-82AC-A8A7F074DF27}.Debug|x86.ActiveCfg = Debug|Any CPU
		{37A6258B-7644-4F36-82AC-A8A7F074DF27}.Debug|x86.Build.0 = Debug|Any CPU
		{37A6258B-7644-4F36-82AC-A8A7F074DF27}.Release|Any CPU.ActiveCfg = Release|Any CPU
		{37A6258B-7644-4F36-82AC-A8A7F074DF27}.Release|Any CPU.Build.0 = Release|Any CPU
		{37A6258B-7644-4F36-82AC-A8A7F074DF27}.Release|x64.ActiveCfg = Release|Any CPU
		{37A6258B-7644-4F36-82AC-A8A7F074DF27}.Release|x64.Build.0 = Release|Any CPU
		{37A6258B-7644-4F36-82AC-A8A7F074DF27}.Release|x86.ActiveCfg = Release|Any CPU
		{37A6258B-7644-4F36-82AC-A8A7F074DF27}.Release|x86.Build.0 = Release|Any CPU
		{2E538727-6242-4581-AFE8-6F58DBBCB750}.Debug|Any CPU.ActiveCfg = Debug|Any CPU
		{2E538727-6242-4581-AFE8-6F58DBBCB750}.Debug|Any CPU.Build.0 = Debug|Any CPU
		{2E538727-6242-4581-AFE8-6F58DBBCB750}.Debug|x64.ActiveCfg = Debug|Any CPU
		{2E538727-6242-4581-AFE8-6F58DBBCB750}.Debug|x64.Build.0 = Debug|Any CPU
		{2E538727-6242-4581-AFE8-6F58DBBCB750}.Debug|x86.ActiveCfg = Debug|Any CPU
		{2E538727-6242-4581-AFE8-6F58DBBCB750}.Debug|x86.Build.0 = Debug|Any CPU
		{2E538727-6242-4581-AFE8-6F58DBBCB750}.Release|Any CPU.ActiveCfg = Release|Any CPU
		{2E538727-6242-4581-AFE8-6F58DBBCB750}.Release|Any CPU.Build.0 = Release|Any CPU
		{2E538727-6242-4581-AFE8-6F58DBBCB750}.Release|x64.ActiveCfg = Release|Any CPU
		{2E538727-6242-4581-AFE8-6F58DBBCB750}.Release|x64.Build.0 = Release|Any CPU
		{2E538727-6242-4581-AFE8-6F58DBBCB750}.Release|x86.ActiveCfg = Release|Any CPU
		{2E538727-6242-4581-AFE8-6F58DBBCB750}.Release|x86.Build.0 = Release|Any CPU
		{E5F6A7B8-C9D0-1234-EF01-345678901234}.Debug|Any CPU.ActiveCfg = Debug|Any CPU
		{E5F6A7B8-C9D0-1234-EF01-345678901234}.Debug|Any CPU.Build.0 = Debug|Any CPU
		{E5F6A7B8-C9D0-1234-EF01-345678901234}.Debug|x64.ActiveCfg = Debug|Any CPU
		{E5F6A7B8-C9D0-1234-EF01-345678901234}.Debug|x64.Build.0 = Debug|Any CPU
		{E5F6A7B8-C9D0-1234-EF01-345678901234}.Debug|x86.ActiveCfg = Debug|Any CPU
		{E5F6A7B8-C9D0-1234-EF01-345678901234}.Debug|x86.Build.0 = Debug|Any CPU
		{E5F6A7B8-C9D0-1234-EF01-345678901234}.Release|Any CPU.ActiveCfg = Release|Any CPU
		{E5F6A7B8-C9D0-1234-EF01-345678901234}.Release|Any CPU.Build.0 = Release|Any CPU
		{E5F6A7B8-C9D0-1234-EF01-345678901234}.Release|x64.ActiveCfg = Release|Any CPU
		{E5F6A7B8-C9D0-1234-EF01-345678901234}.Release|x64.Build.0 = Release|Any CPU
		{E5F6A7B8-C9D0-1234-EF01-345678901234}.Release|x86.ActiveCfg = Release|Any CPU
		{E5F6A7B8-C9D0-1234-EF01-345678901234}.Release|x86.Build.0 = Release|Any CPU
		{F6A7B8C9-D0E1-2345-F012-456789012345}.Debug|Any CPU.ActiveCfg = Debug|Any CPU
		{F6A7B8C9-D0E1-2345-F012-456789012345}.Debug|Any CPU.Build.0 = Debug|Any CPU
		{F6A7B8C9-D0E1-2345-F012-456789012345}.Debug|x64.ActiveCfg = Debug|Any CPU
		{F6A7B8C9-D0E1-2345-F012-456789012345}.Debug|x64.Build.0 = Debug|Any CPU
		{F6A7B8C9-D0E1-2345-F012-456789012345}.Debug|x86.ActiveCfg = Debug|Any CPU
		{F6A7B8C9-D0E1-2345-F012-456789012345}.Debug|x86.Build.0 = Debug|Any CPU
		{F6A7B8C9-D0E1-2345-F012-456789012345}.Release|Any CPU.ActiveCfg = Release|Any CPU
		{F6A7B8C9-D0E1-2345-F012-456789012345}.Release|Any CPU.Build.0 = Release|Any CPU
		{F6A7B8C9-D0E1-2345-F012-456789012345}.Release|x64.ActiveCfg = Release|Any CPU
		{F6A7B8C9-D0E1-2345-F012-456789012345}.Release|x64.Build.0 = Release|Any CPU
		{F6A7B8C9-D0E1-2345-F012-456789012345}.Release|x86.ActiveCfg = Release|Any CPU
		{F6A7B8C9-D0E1-2345-F012-456789012345}.Release|x86.Build.0 = Release|Any CPU
		{A7B8C9D0-E1F2-3456-0123-567890123456}.Debug|Any CPU.ActiveCfg = Debug|Any CPU
		{A7B8C9D0-E1F2-3456-0123-567890123456}.Debug|Any CPU.Build.0 = Debug|Any CPU
		{A7B8C9D0-E1F2-3456-0123-567890123456}.Debug|x64.ActiveCfg = Debug|Any CPU
		{A7B8C9D0-E1F2-3456-0123-567890123456}.Debug|x64.Build.0 = Debug|Any CPU
		{A7B8C9D0-E1F2-3456-0123-567890123456}.Debug|x86.ActiveCfg = Debug|Any CPU
		{A7B8C9D0-E1F2-3456-0123-567890123456}.Debug|x86.Build.0 = Debug|Any CPU
		{A7B8C9D0-E1F2-3456-0123-567890123456}.Release|Any CPU.ActiveCfg = Release|Any CPU
		{A7B8C9D0-E1F2-3456-0123-567890123456}.Release|Any CPU.Build.0 = Release|Any CPU
		{A7B8C9D0-E1F2-3456-0123-567890123456}.Release|x64.ActiveCfg = Release|Any CPU
		{A7B8C9D0-E1F2-3456-0123-567890123456}.Release|x64.Build.0 = Release|Any CPU
		{A7B8C9D0-E1F2-3456-0123-567890123456}.Release|x86.ActiveCfg = Release|Any CPU
		{A7B8C9D0-E1F2-3456-0123-567890123456}.Release|x86.Build.0 = Release|Any CPU
		{B8C9D0E1-F2A3-4567-1234-678901234567}.Debug|Any CPU.ActiveCfg = Debug|Any CPU
		{B8C9D0E1-F2A3-4567-1234-678901234567}.Debug|Any CPU.Build.0 = Debug|Any CPU
		{B8C9D0E1-F2A3-4567-1234-678901234567}.Debug|x64.ActiveCfg = Debug|Any CPU
		{B8C9D0E1-F2A3-4567-1234-678901234567}.Debug|x64.Build.0 = Debug|Any CPU
		{B8C9D0E1-F2A3-4567-1234-678901234567}.Debug|x86.ActiveCfg = Debug|Any CPU
		{B8C9D0E1-F2A3-4567-1234-678901234567}.Debug|x86.Build.0 = Debug|Any CPU
		{B8C9D0E1-F2A3-4567-1234-678901234567}.Release|Any CPU.ActiveCfg = Release|Any CPU
		{B8C9D0E1-F2A3-4567-1234-678901234567}.Release|Any CPU.Build.0 = Release|Any CPU
		{B8C9D0E1-F2A3-4567-1234-678901234567}.Release|x64.ActiveCfg = Release|Any CPU
		{B8C9D0E1-F2A3-4567-1234-678901234567}.Release|x64.Build.0 = Release|Any CPU
		{B8C9D0E1-F2A3-4567-1234-678901234567}.Release|x86.ActiveCfg = Release|Any CPU
		{B8C9D0E1-F2A3-4567-1234-678901234567}.Release|x86.Build.0 = Release|Any CPU
		{C9D0E1F2-A3B4-5678-2345-789012345678}.Debug|Any CPU.ActiveCfg = Debug|Any CPU
		{C9D0E1F2-A3B4-5678-2345-789012345678}.Debug|Any CPU.Build.0 = Debug|Any CPU
		{C9D0E1F2-A3B4-5678-2345-789012345678}.Debug|x64.ActiveCfg = Debug|Any CPU
		{C9D0E1F2-A3B4-5678-2345-789012345678}.Debug|x64.Build.0 = Debug|Any CPU
		{C9D0E1F2-A3B4-5678-2345-789012345678}.Debug|x86.ActiveCfg = Debug|Any CPU
		{C9D0E1F2-A3B4-5678-2345-789012345678}.Debug|x86.Build.0 = Debug|Any CPU
		{C9D0E1F2-A3B4-5678-2345-789012345678}.Release|Any CPU.ActiveCfg = Release|Any CPU
		{C9D0E1F2-A3B4-5678-2345-789012345678}.Release|Any CPU.Build.0 = Release|Any CPU
		{C9D0E1F2-A3B4-5678-2345-789012345678}.Release|x64.ActiveCfg = Release|Any CPU
		{C9D0E1F2-A3B4-5678-2345-789012345678}.Release|x64.Build.0 = Release|Any CPU
		{C9D0E1F2-A3B4-5678-2345-789012345678}.Release|x86.ActiveCfg = Release|Any CPU
		{C9D0E1F2-A3B4-5678-2345-789012345678}.Release|x86.Build.0 = Release|Any CPU
		{D0E1F2A3-B4C5-6789-3456-890123456789}.Debug|Any CPU.ActiveCfg = Debug|Any CPU
		{D0E1F2A3-B4C5-6789-3456-890123456789}.Debug|Any CPU.Build.0 = Debug|Any CPU
		{D0E1F2A3-B4C5-6789-3456-890123456789}.Debug|x64.ActiveCfg = Debug|Any CPU
		{D0E1F2A3-B4C5-6789-3456-890123456789}.Debug|x64.Build.0 = Debug|Any CPU
		{D0E1F2A3-B4C5-6789-3456-890123456789}.Debug|x86.ActiveCfg = Debug|Any CPU
		{D0E1F2A3-B4C5-6789-3456-890123456789}.Debug|x86.Build.0 = Debug|Any CPU
		{D0E1F2A3-B4C5-6789-3456-890123456789}.Release|Any CPU.ActiveCfg = Release|Any CPU
		{D0E1F2A3-B4C5-6789-3456-890123456789}.Release|Any CPU.Build.0 = Release|Any CPU
		{D0E1F2A3-B4C5-6789-3456-890123456789}.Release|x64.ActiveCfg = Release|Any CPU
		{D0E1F2A3-B4C5-6789-3456-890123456789}.Release|x64.Build.0 = Release|Any CPU
		{D0E1F2A3-B4C5-6789-3456-890123456789}.Release|x86.ActiveCfg = Release|Any CPU
		{D0E1F2A3-B4C5-6789-3456-890123456789}.Release|x86.Build.0 = Release|Any CPU
		{310C5B5F-A849-4FB0-8B59-B823FD588E76}.Debug|Any CPU.ActiveCfg = Debug|Any CPU
		{310C5B5F-A849-4FB0-8B59-B823FD588E76}.Debug|Any CPU.Build.0 = Debug|Any CPU
		{310C5B5F-A849-4FB0-8B59-B823FD588E76}.Debug|x64.ActiveCfg = Debug|Any CPU
		{310C5B5F-A849-4FB0-8B59-B823FD588E76}.Debug|x64.Build.0 = Debug|Any CPU
		{310C5B5F-A849-4FB0-8B59-B823FD588E76}.Debug|x86.ActiveCfg = Debug|Any CPU
		{310C5B5F-A849-4FB0-8B59-B823FD588E76}.Debug|x86.Build.0 = Debug|Any CPU
		{310C5B5F-A849-4FB0-8B59-B823FD588E76}.Release|Any CPU.ActiveCfg = Release|Any CPU
		{310C5B5F-A849-4FB0-8B59-B823FD588E76}.Release|Any CPU.Build.0 = Release|Any CPU
		{310C5B5F-A849-4FB0-8B59-B823FD588E76}.Release|x64.ActiveCfg = Release|Any CPU
		{310C5B5F-A849-4FB0-8B59-B823FD588E76}.Release|x64.Build.0 = Release|Any CPU
		{310C5B5F-A849-4FB0-8B59-B823FD588E76}.Release|x86.ActiveCfg = Release|Any CPU
		{310C5B5F-A849-4FB0-8B59-B823FD588E76}.Release|x86.Build.0 = Release|Any CPU
		{B5A46142-3870-4AC8-A5BD-4EF57571648B}.Debug|Any CPU.ActiveCfg = Debug|Any CPU
		{B5A46142-3870-4AC8-A5BD-4EF57571648B}.Debug|Any CPU.Build.0 = Debug|Any CPU
		{B5A46142-3870-4AC8-A5BD-4EF57571648B}.Debug|x64.ActiveCfg = Debug|Any CPU
		{B5A46142-3870-4AC8-A5BD-4EF57571648B}.Debug|x64.Build.0 = Debug|Any CPU
		{B5A46142-3870-4AC8-A5BD-4EF57571648B}.Debug|x86.ActiveCfg = Debug|Any CPU
		{B5A46142-3870-4AC8-A5BD-4EF57571648B}.Debug|x86.Build.0 = Debug|Any CPU
		{B5A46142-3870-4AC8-A5BD-4EF57571648B}.Release|Any CPU.ActiveCfg = Release|Any CPU
		{B5A46142-3870-4AC8-A5BD-4EF57571648B}.Release|Any CPU.Build.0 = Release|Any CPU
		{B5A46142-3870-4AC8-A5BD-4EF57571648B}.Release|x64.ActiveCfg = Release|Any CPU
		{B5A46142-3870-4AC8-A5BD-4EF57571648B}.Release|x64.Build.0 = Release|Any CPU
		{B5A46142-3870-4AC8-A5BD-4EF57571648B}.Release|x86.ActiveCfg = Release|Any CPU
		{B5A46142-3870-4AC8-A5BD-4EF57571648B}.Release|x86.Build.0 = Release|Any CPU
		{5D070C83-F10D-42D9-814C-2249210F26A0}.Debug|Any CPU.ActiveCfg = Debug|Any CPU
		{5D070C83-F10D-42D9-814C-2249210F26A0}.Debug|Any CPU.Build.0 = Debug|Any CPU
		{5D070C83-F10D-42D9-814C-2249210F26A0}.Debug|x64.ActiveCfg = Debug|Any CPU
		{5D070C83-F10D-42D9-814C-2249210F26A0}.Debug|x64.Build.0 = Debug|Any CPU
		{5D070C83-F10D-42D9-814C-2249210F26A0}.Debug|x86.ActiveCfg = Debug|Any CPU
		{5D070C83-F10D-42D9-814C-2249210F26A0}.Debug|x86.Build.0 = Debug|Any CPU
		{5D070C83-F10D-42D9-814C-2249210F26A0}.Release|Any CPU.ActiveCfg = Release|Any CPU
		{5D070C83-F10D-42D9-814C-2249210F26A0}.Release|Any CPU.Build.0 = Release|Any CPU
		{5D070C83-F10D-42D9-814C-2249210F26A0}.Release|x64.ActiveCfg = Release|Any CPU
		{5D070C83-F10D-42D9-814C-2249210F26A0}.Release|x64.Build.0 = Release|Any CPU
		{5D070C83-F10D-42D9-814C-2249210F26A0}.Release|x86.ActiveCfg = Release|Any CPU
		{5D070C83-F10D-42D9-814C-2249210F26A0}.Release|x86.Build.0 = Release|Any CPU
		{7A147119-2B17-4C8F-A9B3-8CB9BC113409}.Debug|Any CPU.ActiveCfg = Debug|Any CPU
		{7A147119-2B17-4C8F-A9B3-8CB9BC113409}.Debug|Any CPU.Build.0 = Debug|Any CPU
		{7A147119-2B17-4C8F-A9B3-8CB9BC113409}.Debug|x64.ActiveCfg = Debug|Any CPU
		{7A147119-2B17-4C8F-A9B3-8CB9BC113409}.Debug|x64.Build.0 = Debug|Any CPU
		{7A147119-2B17-4C8F-A9B3-8CB9BC113409}.Debug|x86.ActiveCfg = Debug|Any CPU
		{7A147119-2B17-4C8F-A9B3-8CB9BC113409}.Debug|x86.Build.0 = Debug|Any CPU
		{7A147119-2B17-4C8F-A9B3-8CB9BC113409}.Release|Any CPU.ActiveCfg = Release|Any CPU
		{7A147119-2B17-4C8F-A9B3-8CB9BC113409}.Release|Any CPU.Build.0 = Release|Any CPU
		{7A147119-2B17-4C8F-A9B3-8CB9BC113409}.Release|x64.ActiveCfg = Release|Any CPU
		{7A147119-2B17-4C8F-A9B3-8CB9BC113409}.Release|x64.Build.0 = Release|Any CPU
		{7A147119-2B17-4C8F-A9B3-8CB9BC113409}.Release|x86.ActiveCfg = Release|Any CPU
		{7A147119-2B17-4C8F-A9B3-8CB9BC113409}.Release|x86.Build.0 = Release|Any CPU
		{6B6ABB95-1510-4E6D-86A8-7B352D6C39EF}.Debug|Any CPU.ActiveCfg = Debug|Any CPU
		{6B6ABB95-1510-4E6D-86A8-7B352D6C39EF}.Debug|Any CPU.Build.0 = Debug|Any CPU
		{6B6ABB95-1510-4E6D-86A8-7B352D6C39EF}.Debug|x64.ActiveCfg = Debug|Any CPU
		{6B6ABB95-1510-4E6D-86A8-7B352D6C39EF}.Debug|x64.Build.0 = Debug|Any CPU
		{6B6ABB95-1510-4E6D-86A8-7B352D6C39EF}.Debug|x86.ActiveCfg = Debug|Any CPU
		{6B6ABB95-1510-4E6D-86A8-7B352D6C39EF}.Debug|x86.Build.0 = Debug|Any CPU
		{6B6ABB95-1510-4E6D-86A8-7B352D6C39EF}.Release|Any CPU.ActiveCfg = Release|Any CPU
		{6B6ABB95-1510-4E6D-86A8-7B352D6C39EF}.Release|Any CPU.Build.0 = Release|Any CPU
		{6B6ABB95-1510-4E6D-86A8-7B352D6C39EF}.Release|x64.ActiveCfg = Release|Any CPU
		{6B6ABB95-1510-4E6D-86A8-7B352D6C39EF}.Release|x64.Build.0 = Release|Any CPU
		{6B6ABB95-1510-4E6D-86A8-7B352D6C39EF}.Release|x86.ActiveCfg = Release|Any CPU
		{6B6ABB95-1510-4E6D-86A8-7B352D6C39EF}.Release|x86.Build.0 = Release|Any CPU
		{208BC104-FC0C-4876-9D57-C8FA832BD7B3}.Debug|Any CPU.ActiveCfg = Debug|Any CPU
		{208BC104-FC0C-4876-9D57-C8FA832BD7B3}.Debug|Any CPU.Build.0 = Debug|Any CPU
		{208BC104-FC0C-4876-9D57-C8FA832BD7B3}.Debug|x64.ActiveCfg = Debug|Any CPU
		{208BC104-FC0C-4876-9D57-C8FA832BD7B3}.Debug|x64.Build.0 = Debug|Any CPU
		{208BC104-FC0C-4876-9D57-C8FA832BD7B3}.Debug|x86.ActiveCfg = Debug|Any CPU
		{208BC104-FC0C-4876-9D57-C8FA832BD7B3}.Debug|x86.Build.0 = Debug|Any CPU
		{208BC104-FC0C-4876-9D57-C8FA832BD7B3}.Release|Any CPU.ActiveCfg = Release|Any CPU
		{208BC104-FC0C-4876-9D57-C8FA832BD7B3}.Release|Any CPU.Build.0 = Release|Any CPU
		{208BC104-FC0C-4876-9D57-C8FA832BD7B3}.Release|x64.ActiveCfg = Release|Any CPU
		{208BC104-FC0C-4876-9D57-C8FA832BD7B3}.Release|x64.Build.0 = Release|Any CPU
		{208BC104-FC0C-4876-9D57-C8FA832BD7B3}.Release|x86.ActiveCfg = Release|Any CPU
		{208BC104-FC0C-4876-9D57-C8FA832BD7B3}.Release|x86.Build.0 = Release|Any CPU
		{D6F11D5D-DD6C-4B1F-9770-D4083410E402}.Debug|Any CPU.ActiveCfg = Debug|Any CPU
		{D6F11D5D-DD6C-4B1F-9770-D4083410E402}.Debug|Any CPU.Build.0 = Debug|Any CPU
		{D6F11D5D-DD6C-4B1F-9770-D4083410E402}.Debug|x64.ActiveCfg = Debug|Any CPU
		{D6F11D5D-DD6C-4B1F-9770-D4083410E402}.Debug|x64.Build.0 = Debug|Any CPU
		{D6F11D5D-DD6C-4B1F-9770-D4083410E402}.Debug|x86.ActiveCfg = Debug|Any CPU
		{D6F11D5D-DD6C-4B1F-9770-D4083410E402}.Debug|x86.Build.0 = Debug|Any CPU
		{D6F11D5D-DD6C-4B1F-9770-D4083410E402}.Release|Any CPU.ActiveCfg = Release|Any CPU
		{D6F11D5D-DD6C-4B1F-9770-D4083410E402}.Release|Any CPU.Build.0 = Release|Any CPU
		{D6F11D5D-DD6C-4B1F-9770-D4083410E402}.Release|x64.ActiveCfg = Release|Any CPU
		{D6F11D5D-DD6C-4B1F-9770-D4083410E402}.Release|x64.Build.0 = Release|Any CPU
		{D6F11D5D-DD6C-4B1F-9770-D4083410E402}.Release|x86.ActiveCfg = Release|Any CPU
		{D6F11D5D-DD6C-4B1F-9770-D4083410E402}.Release|x86.Build.0 = Release|Any CPU
		{F79E4EC7-A419-4EC6-B688-3D7C58999AD9}.Debug|Any CPU.ActiveCfg = Debug|Any CPU
		{F79E4EC7-A419-4EC6-B688-3D7C58999AD9}.Debug|Any CPU.Build.0 = Debug|Any CPU
		{F79E4EC7-A419-4EC6-B688-3D7C58999AD9}.Debug|x64.ActiveCfg = Debug|Any CPU
		{F79E4EC7-A419-4EC6-B688-3D7C58999AD9}.Debug|x64.Build.0 = Debug|Any CPU
		{F79E4EC7-A419-4EC6-B688-3D7C58999AD9}.Debug|x86.ActiveCfg = Debug|Any CPU
		{F79E4EC7-A419-4EC6-B688-3D7C58999AD9}.Debug|x86.Build.0 = Debug|Any CPU
		{F79E4EC7-A419-4EC6-B688-3D7C58999AD9}.Release|Any CPU.ActiveCfg = Release|Any CPU
		{F79E4EC7-A419-4EC6-B688-3D7C58999AD9}.Release|Any CPU.Build.0 = Release|Any CPU
		{F79E4EC7-A419-4EC6-B688-3D7C58999AD9}.Release|x64.ActiveCfg = Release|Any CPU
		{F79E4EC7-A419-4EC6-B688-3D7C58999AD9}.Release|x64.Build.0 = Release|Any CPU
		{F79E4EC7-A419-4EC6-B688-3D7C58999AD9}.Release|x86.ActiveCfg = Release|Any CPU
		{F79E4EC7-A419-4EC6-B688-3D7C58999AD9}.Release|x86.Build.0 = Release|Any CPU
		{0A14C513-16AD-41CF-96D6-6C5E25F80751}.Debug|Any CPU.ActiveCfg = Debug|Any CPU
		{0A14C513-16AD-41CF-96D6-6C5E25F80751}.Debug|Any CPU.Build.0 = Debug|Any CPU
		{0A14C513-16AD-41CF-96D6-6C5E25F80751}.Debug|x64.ActiveCfg = Debug|Any CPU
		{0A14C513-16AD-41CF-96D6-6C5E25F80751}.Debug|x64.Build.0 = Debug|Any CPU
		{0A14C513-16AD-41CF-96D6-6C5E25F80751}.Debug|x86.ActiveCfg = Debug|Any CPU
		{0A14C513-16AD-41CF-96D6-6C5E25F80751}.Debug|x86.Build.0 = Debug|Any CPU
		{0A14C513-16AD-41CF-96D6-6C5E25F80751}.Release|Any CPU.ActiveCfg = Release|Any CPU
		{0A14C513-16AD-41CF-96D6-6C5E25F80751}.Release|Any CPU.Build.0 = Release|Any CPU
		{0A14C513-16AD-41CF-96D6-6C5E25F80751}.Release|x64.ActiveCfg = Release|Any CPU
		{0A14C513-16AD-41CF-96D6-6C5E25F80751}.Release|x64.Build.0 = Release|Any CPU
		{0A14C513-16AD-41CF-96D6-6C5E25F80751}.Release|x86.ActiveCfg = Release|Any CPU
		{0A14C513-16AD-41CF-96D6-6C5E25F80751}.Release|x86.Build.0 = Release|Any CPU
		{6D0B3761-0596-47AE-B485-FF931549D2FB}.Debug|Any CPU.ActiveCfg = Debug|Any CPU
		{6D0B3761-0596-47AE-B485-FF931549D2FB}.Debug|Any CPU.Build.0 = Debug|Any CPU
		{6D0B3761-0596-47AE-B485-FF931549D2FB}.Debug|x64.ActiveCfg = Debug|Any CPU
		{6D0B3761-0596-47AE-B485-FF931549D2FB}.Debug|x64.Build.0 = Debug|Any CPU
		{6D0B3761-0596-47AE-B485-FF931549D2FB}.Debug|x86.ActiveCfg = Debug|Any CPU
		{6D0B3761-0596-47AE-B485-FF931549D2FB}.Debug|x86.Build.0 = Debug|Any CPU
		{6D0B3761-0596-47AE-B485-FF931549D2FB}.Release|Any CPU.ActiveCfg = Release|Any CPU
		{6D0B3761-0596-47AE-B485-FF931549D2FB}.Release|Any CPU.Build.0 = Release|Any CPU
		{6D0B3761-0596-47AE-B485-FF931549D2FB}.Release|x64.ActiveCfg = Release|Any CPU
		{6D0B3761-0596-47AE-B485-FF931549D2FB}.Release|x64.Build.0 = Release|Any CPU
		{6D0B3761-0596-47AE-B485-FF931549D2FB}.Release|x86.ActiveCfg = Release|Any CPU
		{6D0B3761-0596-47AE-B485-FF931549D2FB}.Release|x86.Build.0 = Release|Any CPU
		{A6FD94FC-64E6-4605-A8BA-2014DD12B838}.Debug|Any CPU.ActiveCfg = Debug|Any CPU
		{A6FD94FC-64E6-4605-A8BA-2014DD12B838}.Debug|Any CPU.Build.0 = Debug|Any CPU
		{A6FD94FC-64E6-4605-A8BA-2014DD12B838}.Debug|x64.ActiveCfg = Debug|Any CPU
		{A6FD94FC-64E6-4605-A8BA-2014DD12B838}.Debug|x64.Build.0 = Debug|Any CPU
		{A6FD94FC-64E6-4605-A8BA-2014DD12B838}.Debug|x86.ActiveCfg = Debug|Any CPU
		{A6FD94FC-64E6-4605-A8BA-2014DD12B838}.Debug|x86.Build.0 = Debug|Any CPU
		{A6FD94FC-64E6-4605-A8BA-2014DD12B838}.Release|Any CPU.ActiveCfg = Release|Any CPU
		{A6FD94FC-64E6-4605-A8BA-2014DD12B838}.Release|Any CPU.Build.0 = Release|Any CPU
		{A6FD94FC-64E6-4605-A8BA-2014DD12B838}.Release|x64.ActiveCfg = Release|Any CPU
		{A6FD94FC-64E6-4605-A8BA-2014DD12B838}.Release|x64.Build.0 = Release|Any CPU
		{A6FD94FC-64E6-4605-A8BA-2014DD12B838}.Release|x86.ActiveCfg = Release|Any CPU
		{A6FD94FC-64E6-4605-A8BA-2014DD12B838}.Release|x86.Build.0 = Release|Any CPU
		{3250C2CA-56A3-405E-B859-8076E5132134}.Debug|Any CPU.ActiveCfg = Debug|Any CPU
		{3250C2CA-56A3-405E-B859-8076E5132134}.Debug|Any CPU.Build.0 = Debug|Any CPU
		{3250C2CA-56A3-405E-B859-8076E5132134}.Debug|x64.ActiveCfg = Debug|Any CPU
		{3250C2CA-56A3-405E-B859-8076E5132134}.Debug|x64.Build.0 = Debug|Any CPU
		{3250C2CA-56A3-405E-B859-8076E5132134}.Debug|x86.ActiveCfg = Debug|Any CPU
		{3250C2CA-56A3-405E-B859-8076E5132134}.Debug|x86.Build.0 = Debug|Any CPU
		{3250C2CA-56A3-405E-B859-8076E5132134}.Release|Any CPU.ActiveCfg = Release|Any CPU
		{3250C2CA-56A3-405E-B859-8076E5132134}.Release|Any CPU.Build.0 = Release|Any CPU
		{3250C2CA-56A3-405E-B859-8076E5132134}.Release|x64.ActiveCfg = Release|Any CPU
		{3250C2CA-56A3-405E-B859-8076E5132134}.Release|x64.Build.0 = Release|Any CPU
		{3250C2CA-56A3-405E-B859-8076E5132134}.Release|x86.ActiveCfg = Release|Any CPU
		{3250C2CA-56A3-405E-B859-8076E5132134}.Release|x86.Build.0 = Release|Any CPU
		{8C905964-A417-4B9D-A323-92D23687810D}.Debug|Any CPU.ActiveCfg = Debug|Any CPU
		{8C905964-A417-4B9D-A323-92D23687810D}.Debug|Any CPU.Build.0 = Debug|Any CPU
		{8C905964-A417-4B9D-A323-92D23687810D}.Debug|x64.ActiveCfg = Debug|Any CPU
		{8C905964-A417-4B9D-A323-92D23687810D}.Debug|x64.Build.0 = Debug|Any CPU
		{8C905964-A417-4B9D-A323-92D23687810D}.Debug|x86.ActiveCfg = Debug|Any CPU
		{8C905964-A417-4B9D-A323-92D23687810D}.Debug|x86.Build.0 = Debug|Any CPU
		{8C905964-A417-4B9D-A323-92D23687810D}.Release|Any CPU.ActiveCfg = Release|Any CPU
		{8C905964-A417-4B9D-A323-92D23687810D}.Release|Any CPU.Build.0 = Release|Any CPU
		{8C905964-A417-4B9D-A323-92D23687810D}.Release|x64.ActiveCfg = Release|Any CPU
		{8C905964-A417-4B9D-A323-92D23687810D}.Release|x64.Build.0 = Release|Any CPU
		{8C905964-A417-4B9D-A323-92D23687810D}.Release|x86.ActiveCfg = Release|Any CPU
		{8C905964-A417-4B9D-A323-92D23687810D}.Release|x86.Build.0 = Release|Any CPU
		{6444C51E-D519-4A18-A693-FF95DCCAAFC9}.Debug|Any CPU.ActiveCfg = Debug|Any CPU
		{6444C51E-D519-4A18-A693-FF95DCCAAFC9}.Debug|Any CPU.Build.0 = Debug|Any CPU
		{6444C51E-D519-4A18-A693-FF95DCCAAFC9}.Debug|x64.ActiveCfg = Debug|Any CPU
		{6444C51E-D519-4A18-A693-FF95DCCAAFC9}.Debug|x64.Build.0 = Debug|Any CPU
		{6444C51E-D519-4A18-A693-FF95DCCAAFC9}.Debug|x86.ActiveCfg = Debug|Any CPU
		{6444C51E-D519-4A18-A693-FF95DCCAAFC9}.Debug|x86.Build.0 = Debug|Any CPU
		{6444C51E-D519-4A18-A693-FF95DCCAAFC9}.Release|Any CPU.ActiveCfg = Release|Any CPU
		{6444C51E-D519-4A18-A693-FF95DCCAAFC9}.Release|Any CPU.Build.0 = Release|Any CPU
		{6444C51E-D519-4A18-A693-FF95DCCAAFC9}.Release|x64.ActiveCfg = Release|Any CPU
		{6444C51E-D519-4A18-A693-FF95DCCAAFC9}.Release|x64.Build.0 = Release|Any CPU
		{6444C51E-D519-4A18-A693-FF95DCCAAFC9}.Release|x86.ActiveCfg = Release|Any CPU
		{6444C51E-D519-4A18-A693-FF95DCCAAFC9}.Release|x86.Build.0 = Release|Any CPU
		{8B03F501-842F-4867-BE61-7476E32F4A04}.Debug|Any CPU.ActiveCfg = Debug|Any CPU
		{8B03F501-842F-4867-BE61-7476E32F4A04}.Debug|Any CPU.Build.0 = Debug|Any CPU
		{8B03F501-842F-4867-BE61-7476E32F4A04}.Debug|x64.ActiveCfg = Debug|Any CPU
		{8B03F501-842F-4867-BE61-7476E32F4A04}.Debug|x64.Build.0 = Debug|Any CPU
		{8B03F501-842F-4867-BE61-7476E32F4A04}.Debug|x86.ActiveCfg = Debug|Any CPU
		{8B03F501-842F-4867-BE61-7476E32F4A04}.Debug|x86.Build.0 = Debug|Any CPU
		{8B03F501-842F-4867-BE61-7476E32F4A04}.Release|Any CPU.ActiveCfg = Release|Any CPU
		{8B03F501-842F-4867-BE61-7476E32F4A04}.Release|Any CPU.Build.0 = Release|Any CPU
		{8B03F501-842F-4867-BE61-7476E32F4A04}.Release|x64.ActiveCfg = Release|Any CPU
		{8B03F501-842F-4867-BE61-7476E32F4A04}.Release|x64.Build.0 = Release|Any CPU
		{8B03F501-842F-4867-BE61-7476E32F4A04}.Release|x86.ActiveCfg = Release|Any CPU
		{8B03F501-842F-4867-BE61-7476E32F4A04}.Release|x86.Build.0 = Release|Any CPU
		{3B156659-18F8-46BC-A857-C9EAF6D10C06}.Debug|Any CPU.ActiveCfg = Debug|Any CPU
		{3B156659-18F8-46BC-A857-C9EAF6D10C06}.Debug|Any CPU.Build.0 = Debug|Any CPU
		{3B156659-18F8-46BC-A857-C9EAF6D10C06}.Debug|x64.ActiveCfg = Debug|Any CPU
		{3B156659-18F8-46BC-A857-C9EAF6D10C06}.Debug|x64.Build.0 = Debug|Any CPU
		{3B156659-18F8-46BC-A857-C9EAF6D10C06}.Debug|x86.ActiveCfg = Debug|Any CPU
		{3B156659-18F8-46BC-A857-C9EAF6D10C06}.Debug|x86.Build.0 = Debug|Any CPU
		{3B156659-18F8-46BC-A857-C9EAF6D10C06}.Release|Any CPU.ActiveCfg = Release|Any CPU
		{3B156659-18F8-46BC-A857-C9EAF6D10C06}.Release|Any CPU.Build.0 = Release|Any CPU
		{3B156659-18F8-46BC-A857-C9EAF6D10C06}.Release|x64.ActiveCfg = Release|Any CPU
		{3B156659-18F8-46BC-A857-C9EAF6D10C06}.Release|x64.Build.0 = Release|Any CPU
		{3B156659-18F8-46BC-A857-C9EAF6D10C06}.Release|x86.ActiveCfg = Release|Any CPU
		{3B156659-18F8-46BC-A857-C9EAF6D10C06}.Release|x86.Build.0 = Release|Any CPU
		{83C446EC-2D92-4D69-9803-C3C8DDAD209A}.Debug|Any CPU.ActiveCfg = Debug|Any CPU
		{83C446EC-2D92-4D69-9803-C3C8DDAD209A}.Debug|Any CPU.Build.0 = Debug|Any CPU
		{83C446EC-2D92-4D69-9803-C3C8DDAD209A}.Debug|x64.ActiveCfg = Debug|Any CPU
		{83C446EC-2D92-4D69-9803-C3C8DDAD209A}.Debug|x64.Build.0 = Debug|Any CPU
		{83C446EC-2D92-4D69-9803-C3C8DDAD209A}.Debug|x86.ActiveCfg = Debug|Any CPU
		{83C446EC-2D92-4D69-9803-C3C8DDAD209A}.Debug|x86.Build.0 = Debug|Any CPU
		{83C446EC-2D92-4D69-9803-C3C8DDAD209A}.Release|Any CPU.ActiveCfg = Release|Any CPU
		{83C446EC-2D92-4D69-9803-C3C8DDAD209A}.Release|Any CPU.Build.0 = Release|Any CPU
		{83C446EC-2D92-4D69-9803-C3C8DDAD209A}.Release|x64.ActiveCfg = Release|Any CPU
		{83C446EC-2D92-4D69-9803-C3C8DDAD209A}.Release|x64.Build.0 = Release|Any CPU
		{83C446EC-2D92-4D69-9803-C3C8DDAD209A}.Release|x86.ActiveCfg = Release|Any CPU
		{83C446EC-2D92-4D69-9803-C3C8DDAD209A}.Release|x86.Build.0 = Release|Any CPU
		{1D0C5E61-0093-4DA1-9670-2C1B7F25168F}.Debug|Any CPU.ActiveCfg = Debug|Any CPU
		{1D0C5E61-0093-4DA1-9670-2C1B7F25168F}.Debug|Any CPU.Build.0 = Debug|Any CPU
		{1D0C5E61-0093-4DA1-9670-2C1B7F25168F}.Debug|x64.ActiveCfg = Debug|Any CPU
		{1D0C5E61-0093-4DA1-9670-2C1B7F25168F}.Debug|x64.Build.0 = Debug|Any CPU
		{1D0C5E61-0093-4DA1-9670-2C1B7F25168F}.Debug|x86.ActiveCfg = Debug|Any CPU
		{1D0C5E61-0093-4DA1-9670-2C1B7F25168F}.Debug|x86.Build.0 = Debug|Any CPU
		{1D0C5E61-0093-4DA1-9670-2C1B7F25168F}.Release|Any CPU.ActiveCfg = Release|Any CPU
		{1D0C5E61-0093-4DA1-9670-2C1B7F25168F}.Release|Any CPU.Build.0 = Release|Any CPU
		{1D0C5E61-0093-4DA1-9670-2C1B7F25168F}.Release|x64.ActiveCfg = Release|Any CPU
		{1D0C5E61-0093-4DA1-9670-2C1B7F25168F}.Release|x64.Build.0 = Release|Any CPU
		{1D0C5E61-0093-4DA1-9670-2C1B7F25168F}.Release|x86.ActiveCfg = Release|Any CPU
		{1D0C5E61-0093-4DA1-9670-2C1B7F25168F}.Release|x86.Build.0 = Release|Any CPU
		{C962F205-8DE8-4031-9A94-D34D79C2CA35}.Debug|Any CPU.ActiveCfg = Debug|Any CPU
		{C962F205-8DE8-4031-9A94-D34D79C2CA35}.Debug|Any CPU.Build.0 = Debug|Any CPU
		{C962F205-8DE8-4031-9A94-D34D79C2CA35}.Debug|x64.ActiveCfg = Debug|Any CPU
		{C962F205-8DE8-4031-9A94-D34D79C2CA35}.Debug|x64.Build.0 = Debug|Any CPU
		{C962F205-8DE8-4031-9A94-D34D79C2CA35}.Debug|x86.ActiveCfg = Debug|Any CPU
		{C962F205-8DE8-4031-9A94-D34D79C2CA35}.Debug|x86.Build.0 = Debug|Any CPU
		{C962F205-8DE8-4031-9A94-D34D79C2CA35}.Release|Any CPU.ActiveCfg = Release|Any CPU
		{C962F205-8DE8-4031-9A94-D34D79C2CA35}.Release|Any CPU.Build.0 = Release|Any CPU
		{C962F205-8DE8-4031-9A94-D34D79C2CA35}.Release|x64.ActiveCfg = Release|Any CPU
		{C962F205-8DE8-4031-9A94-D34D79C2CA35}.Release|x64.Build.0 = Release|Any CPU
		{C962F205-8DE8-4031-9A94-D34D79C2CA35}.Release|x86.ActiveCfg = Release|Any CPU
		{C962F205-8DE8-4031-9A94-D34D79C2CA35}.Release|x86.Build.0 = Release|Any CPU
		{D4424EB8-8BCD-4418-A1FE-D1310D72BEA4}.Debug|Any CPU.ActiveCfg = Debug|Any CPU
		{D4424EB8-8BCD-4418-A1FE-D1310D72BEA4}.Debug|Any CPU.Build.0 = Debug|Any CPU
		{D4424EB8-8BCD-4418-A1FE-D1310D72BEA4}.Debug|x64.ActiveCfg = Debug|Any CPU
		{D4424EB8-8BCD-4418-A1FE-D1310D72BEA4}.Debug|x64.Build.0 = Debug|Any CPU
		{D4424EB8-8BCD-4418-A1FE-D1310D72BEA4}.Debug|x86.ActiveCfg = Debug|Any CPU
		{D4424EB8-8BCD-4418-A1FE-D1310D72BEA4}.Debug|x86.Build.0 = Debug|Any CPU
		{D4424EB8-8BCD-4418-A1FE-D1310D72BEA4}.Release|Any CPU.ActiveCfg = Release|Any CPU
		{D4424EB8-8BCD-4418-A1FE-D1310D72BEA4}.Release|Any CPU.Build.0 = Release|Any CPU
		{D4424EB8-8BCD-4418-A1FE-D1310D72BEA4}.Release|x64.ActiveCfg = Release|Any CPU
		{D4424EB8-8BCD-4418-A1FE-D1310D72BEA4}.Release|x64.Build.0 = Release|Any CPU
		{D4424EB8-8BCD-4418-A1FE-D1310D72BEA4}.Release|x86.ActiveCfg = Release|Any CPU
		{D4424EB8-8BCD-4418-A1FE-D1310D72BEA4}.Release|x86.Build.0 = Release|Any CPU
		{B65FFC7F-130A-4CEF-80C5-FC7702BDE839}.Debug|Any CPU.ActiveCfg = Debug|Any CPU
		{B65FFC7F-130A-4CEF-80C5-FC7702BDE839}.Debug|Any CPU.Build.0 = Debug|Any CPU
		{B65FFC7F-130A-4CEF-80C5-FC7702BDE839}.Debug|x64.ActiveCfg = Debug|Any CPU
		{B65FFC7F-130A-4CEF-80C5-FC7702BDE839}.Debug|x64.Build.0 = Debug|Any CPU
		{B65FFC7F-130A-4CEF-80C5-FC7702BDE839}.Debug|x86.ActiveCfg = Debug|Any CPU
		{B65FFC7F-130A-4CEF-80C5-FC7702BDE839}.Debug|x86.Build.0 = Debug|Any CPU
		{B65FFC7F-130A-4CEF-80C5-FC7702BDE839}.Release|Any CPU.ActiveCfg = Release|Any CPU
		{B65FFC7F-130A-4CEF-80C5-FC7702BDE839}.Release|Any CPU.Build.0 = Release|Any CPU
		{B65FFC7F-130A-4CEF-80C5-FC7702BDE839}.Release|x64.ActiveCfg = Release|Any CPU
		{B65FFC7F-130A-4CEF-80C5-FC7702BDE839}.Release|x64.Build.0 = Release|Any CPU
		{B65FFC7F-130A-4CEF-80C5-FC7702BDE839}.Release|x86.ActiveCfg = Release|Any CPU
		{B65FFC7F-130A-4CEF-80C5-FC7702BDE839}.Release|x86.Build.0 = Release|Any CPU
		{C419121E-134F-41C6-8F1E-C5FA85879A98}.Debug|Any CPU.ActiveCfg = Debug|Any CPU
		{C419121E-134F-41C6-8F1E-C5FA85879A98}.Debug|Any CPU.Build.0 = Debug|Any CPU
		{C419121E-134F-41C6-8F1E-C5FA85879A98}.Debug|x64.ActiveCfg = Debug|Any CPU
		{C419121E-134F-41C6-8F1E-C5FA85879A98}.Debug|x64.Build.0 = Debug|Any CPU
		{C419121E-134F-41C6-8F1E-C5FA85879A98}.Debug|x86.ActiveCfg = Debug|Any CPU
		{C419121E-134F-41C6-8F1E-C5FA85879A98}.Debug|x86.Build.0 = Debug|Any CPU
		{C419121E-134F-41C6-8F1E-C5FA85879A98}.Release|Any CPU.ActiveCfg = Release|Any CPU
		{C419121E-134F-41C6-8F1E-C5FA85879A98}.Release|Any CPU.Build.0 = Release|Any CPU
		{C419121E-134F-41C6-8F1E-C5FA85879A98}.Release|x64.ActiveCfg = Release|Any CPU
		{C419121E-134F-41C6-8F1E-C5FA85879A98}.Release|x64.Build.0 = Release|Any CPU
		{C419121E-134F-41C6-8F1E-C5FA85879A98}.Release|x86.ActiveCfg = Release|Any CPU
		{C419121E-134F-41C6-8F1E-C5FA85879A98}.Release|x86.Build.0 = Release|Any CPU
		{40139353-C404-4C44-9B3B-8A3FD70F36F9}.Debug|Any CPU.ActiveCfg = Debug|Any CPU
		{40139353-C404-4C44-9B3B-8A3FD70F36F9}.Debug|Any CPU.Build.0 = Debug|Any CPU
		{40139353-C404-4C44-9B3B-8A3FD70F36F9}.Debug|x64.ActiveCfg = Debug|Any CPU
		{40139353-C404-4C44-9B3B-8A3FD70F36F9}.Debug|x64.Build.0 = Debug|Any CPU
		{40139353-C404-4C44-9B3B-8A3FD70F36F9}.Debug|x86.ActiveCfg = Debug|Any CPU
		{40139353-C404-4C44-9B3B-8A3FD70F36F9}.Debug|x86.Build.0 = Debug|Any CPU
		{40139353-C404-4C44-9B3B-8A3FD70F36F9}.Release|Any CPU.ActiveCfg = Release|Any CPU
		{40139353-C404-4C44-9B3B-8A3FD70F36F9}.Release|Any CPU.Build.0 = Release|Any CPU
		{40139353-C404-4C44-9B3B-8A3FD70F36F9}.Release|x64.ActiveCfg = Release|Any CPU
		{40139353-C404-4C44-9B3B-8A3FD70F36F9}.Release|x64.Build.0 = Release|Any CPU
		{40139353-C404-4C44-9B3B-8A3FD70F36F9}.Release|x86.ActiveCfg = Release|Any CPU
		{40139353-C404-4C44-9B3B-8A3FD70F36F9}.Release|x86.Build.0 = Release|Any CPU
		{EBEF7463-9AE7-4629-A118-5CE7096672A6}.Debug|Any CPU.ActiveCfg = Debug|Any CPU
		{EBEF7463-9AE7-4629-A118-5CE7096672A6}.Debug|Any CPU.Build.0 = Debug|Any CPU
		{EBEF7463-9AE7-4629-A118-5CE7096672A6}.Debug|x64.ActiveCfg = Debug|Any CPU
		{EBEF7463-9AE7-4629-A118-5CE7096672A6}.Debug|x64.Build.0 = Debug|Any CPU
		{EBEF7463-9AE7-4629-A118-5CE7096672A6}.Debug|x86.ActiveCfg = Debug|Any CPU
		{EBEF7463-9AE7-4629-A118-5CE7096672A6}.Debug|x86.Build.0 = Debug|Any CPU
		{EBEF7463-9AE7-4629-A118-5CE7096672A6}.Release|Any CPU.ActiveCfg = Release|Any CPU
		{EBEF7463-9AE7-4629-A118-5CE7096672A6}.Release|Any CPU.Build.0 = Release|Any CPU
		{EBEF7463-9AE7-4629-A118-5CE7096672A6}.Release|x64.ActiveCfg = Release|Any CPU
		{EBEF7463-9AE7-4629-A118-5CE7096672A6}.Release|x64.Build.0 = Release|Any CPU
		{EBEF7463-9AE7-4629-A118-5CE7096672A6}.Release|x86.ActiveCfg = Release|Any CPU
		{EBEF7463-9AE7-4629-A118-5CE7096672A6}.Release|x86.Build.0 = Release|Any CPU
		{1C97AA1B-6235-4CC5-819F-ADAA1CBAFD6A}.Debug|Any CPU.ActiveCfg = Debug|Any CPU
		{1C97AA1B-6235-4CC5-819F-ADAA1CBAFD6A}.Debug|Any CPU.Build.0 = Debug|Any CPU
		{1C97AA1B-6235-4CC5-819F-ADAA1CBAFD6A}.Debug|x64.ActiveCfg = Debug|Any CPU
		{1C97AA1B-6235-4CC5-819F-ADAA1CBAFD6A}.Debug|x64.Build.0 = Debug|Any CPU
		{1C97AA1B-6235-4CC5-819F-ADAA1CBAFD6A}.Debug|x86.ActiveCfg = Debug|Any CPU
		{1C97AA1B-6235-4CC5-819F-ADAA1CBAFD6A}.Debug|x86.Build.0 = Debug|Any CPU
		{1C97AA1B-6235-4CC5-819F-ADAA1CBAFD6A}.Release|Any CPU.ActiveCfg = Release|Any CPU
		{1C97AA1B-6235-4CC5-819F-ADAA1CBAFD6A}.Release|Any CPU.Build.0 = Release|Any CPU
		{1C97AA1B-6235-4CC5-819F-ADAA1CBAFD6A}.Release|x64.ActiveCfg = Release|Any CPU
		{1C97AA1B-6235-4CC5-819F-ADAA1CBAFD6A}.Release|x64.Build.0 = Release|Any CPU
		{1C97AA1B-6235-4CC5-819F-ADAA1CBAFD6A}.Release|x86.ActiveCfg = Release|Any CPU
		{1C97AA1B-6235-4CC5-819F-ADAA1CBAFD6A}.Release|x86.Build.0 = Release|Any CPU
		{30F7CD76-22C5-4BD4-88E5-1F6B8A4A1369}.Debug|Any CPU.ActiveCfg = Debug|Any CPU
		{30F7CD76-22C5-4BD4-88E5-1F6B8A4A1369}.Debug|Any CPU.Build.0 = Debug|Any CPU
		{30F7CD76-22C5-4BD4-88E5-1F6B8A4A1369}.Debug|x64.ActiveCfg = Debug|Any CPU
		{30F7CD76-22C5-4BD4-88E5-1F6B8A4A1369}.Debug|x64.Build.0 = Debug|Any CPU
		{30F7CD76-22C5-4BD4-88E5-1F6B8A4A1369}.Debug|x86.ActiveCfg = Debug|Any CPU
		{30F7CD76-22C5-4BD4-88E5-1F6B8A4A1369}.Debug|x86.Build.0 = Debug|Any CPU
		{30F7CD76-22C5-4BD4-88E5-1F6B8A4A1369}.Release|Any CPU.ActiveCfg = Release|Any CPU
		{30F7CD76-22C5-4BD4-88E5-1F6B8A4A1369}.Release|Any CPU.Build.0 = Release|Any CPU
		{30F7CD76-22C5-4BD4-88E5-1F6B8A4A1369}.Release|x64.ActiveCfg = Release|Any CPU
		{30F7CD76-22C5-4BD4-88E5-1F6B8A4A1369}.Release|x64.Build.0 = Release|Any CPU
		{30F7CD76-22C5-4BD4-88E5-1F6B8A4A1369}.Release|x86.ActiveCfg = Release|Any CPU
		{30F7CD76-22C5-4BD4-88E5-1F6B8A4A1369}.Release|x86.Build.0 = Release|Any CPU
		{C8BB5C8A-ACAF-45D3-82E2-811F9637FBD0}.Debug|Any CPU.ActiveCfg = Debug|Any CPU
		{C8BB5C8A-ACAF-45D3-82E2-811F9637FBD0}.Debug|Any CPU.Build.0 = Debug|Any CPU
		{C8BB5C8A-ACAF-45D3-82E2-811F9637FBD0}.Debug|x64.ActiveCfg = Debug|Any CPU
		{C8BB5C8A-ACAF-45D3-82E2-811F9637FBD0}.Debug|x64.Build.0 = Debug|Any CPU
		{C8BB5C8A-ACAF-45D3-82E2-811F9637FBD0}.Debug|x86.ActiveCfg = Debug|Any CPU
		{C8BB5C8A-ACAF-45D3-82E2-811F9637FBD0}.Debug|x86.Build.0 = Debug|Any CPU
		{C8BB5C8A-ACAF-45D3-82E2-811F9637FBD0}.Release|Any CPU.ActiveCfg = Release|Any CPU
		{C8BB5C8A-ACAF-45D3-82E2-811F9637FBD0}.Release|Any CPU.Build.0 = Release|Any CPU
		{C8BB5C8A-ACAF-45D3-82E2-811F9637FBD0}.Release|x64.ActiveCfg = Release|Any CPU
		{C8BB5C8A-ACAF-45D3-82E2-811F9637FBD0}.Release|x64.Build.0 = Release|Any CPU
		{C8BB5C8A-ACAF-45D3-82E2-811F9637FBD0}.Release|x86.ActiveCfg = Release|Any CPU
		{C8BB5C8A-ACAF-45D3-82E2-811F9637FBD0}.Release|x86.Build.0 = Release|Any CPU
		{02CC0638-D52F-4099-A3D8-2933DBD2482F}.Debug|Any CPU.ActiveCfg = Debug|Any CPU
		{02CC0638-D52F-4099-A3D8-2933DBD2482F}.Debug|Any CPU.Build.0 = Debug|Any CPU
		{02CC0638-D52F-4099-A3D8-2933DBD2482F}.Debug|x64.ActiveCfg = Debug|Any CPU
		{02CC0638-D52F-4099-A3D8-2933DBD2482F}.Debug|x64.Build.0 = Debug|Any CPU
		{02CC0638-D52F-4099-A3D8-2933DBD2482F}.Debug|x86.ActiveCfg = Debug|Any CPU
		{02CC0638-D52F-4099-A3D8-2933DBD2482F}.Debug|x86.Build.0 = Debug|Any CPU
		{02CC0638-D52F-4099-A3D8-2933DBD2482F}.Release|Any CPU.ActiveCfg = Release|Any CPU
		{02CC0638-D52F-4099-A3D8-2933DBD2482F}.Release|Any CPU.Build.0 = Release|Any CPU
		{02CC0638-D52F-4099-A3D8-2933DBD2482F}.Release|x64.ActiveCfg = Release|Any CPU
		{02CC0638-D52F-4099-A3D8-2933DBD2482F}.Release|x64.Build.0 = Release|Any CPU
		{02CC0638-D52F-4099-A3D8-2933DBD2482F}.Release|x86.ActiveCfg = Release|Any CPU
		{02CC0638-D52F-4099-A3D8-2933DBD2482F}.Release|x86.Build.0 = Release|Any CPU
		{5939DFB8-9B7F-459F-B79A-922BDB337EDF}.Debug|Any CPU.ActiveCfg = Debug|Any CPU
		{5939DFB8-9B7F-459F-B79A-922BDB337EDF}.Debug|Any CPU.Build.0 = Debug|Any CPU
		{5939DFB8-9B7F-459F-B79A-922BDB337EDF}.Debug|x64.ActiveCfg = Debug|Any CPU
		{5939DFB8-9B7F-459F-B79A-922BDB337EDF}.Debug|x64.Build.0 = Debug|Any CPU
		{5939DFB8-9B7F-459F-B79A-922BDB337EDF}.Debug|x86.ActiveCfg = Debug|Any CPU
		{5939DFB8-9B7F-459F-B79A-922BDB337EDF}.Debug|x86.Build.0 = Debug|Any CPU
		{5939DFB8-9B7F-459F-B79A-922BDB337EDF}.Release|Any CPU.ActiveCfg = Release|Any CPU
		{5939DFB8-9B7F-459F-B79A-922BDB337EDF}.Release|Any CPU.Build.0 = Release|Any CPU
		{5939DFB8-9B7F-459F-B79A-922BDB337EDF}.Release|x64.ActiveCfg = Release|Any CPU
		{5939DFB8-9B7F-459F-B79A-922BDB337EDF}.Release|x64.Build.0 = Release|Any CPU
		{5939DFB8-9B7F-459F-B79A-922BDB337EDF}.Release|x86.ActiveCfg = Release|Any CPU
		{5939DFB8-9B7F-459F-B79A-922BDB337EDF}.Release|x86.Build.0 = Release|Any CPU
		{C3EBE862-6321-40B4-A511-8FECFB6F6A75}.Debug|Any CPU.ActiveCfg = Debug|Any CPU
		{C3EBE862-6321-40B4-A511-8FECFB6F6A75}.Debug|Any CPU.Build.0 = Debug|Any CPU
		{C3EBE862-6321-40B4-A511-8FECFB6F6A75}.Debug|x64.ActiveCfg = Debug|Any CPU
		{C3EBE862-6321-40B4-A511-8FECFB6F6A75}.Debug|x64.Build.0 = Debug|Any CPU
		{C3EBE862-6321-40B4-A511-8FECFB6F6A75}.Debug|x86.ActiveCfg = Debug|Any CPU
		{C3EBE862-6321-40B4-A511-8FECFB6F6A75}.Debug|x86.Build.0 = Debug|Any CPU
		{C3EBE862-6321-40B4-A511-8FECFB6F6A75}.Release|Any CPU.ActiveCfg = Release|Any CPU
		{C3EBE862-6321-40B4-A511-8FECFB6F6A75}.Release|Any CPU.Build.0 = Release|Any CPU
		{C3EBE862-6321-40B4-A511-8FECFB6F6A75}.Release|x64.ActiveCfg = Release|Any CPU
		{C3EBE862-6321-40B4-A511-8FECFB6F6A75}.Release|x64.Build.0 = Release|Any CPU
		{C3EBE862-6321-40B4-A511-8FECFB6F6A75}.Release|x86.ActiveCfg = Release|Any CPU
		{C3EBE862-6321-40B4-A511-8FECFB6F6A75}.Release|x86.Build.0 = Release|Any CPU
		{4CBF1EAA-9427-4E42-A206-5ABB1C1E63C1}.Debug|Any CPU.ActiveCfg = Debug|Any CPU
		{4CBF1EAA-9427-4E42-A206-5ABB1C1E63C1}.Debug|Any CPU.Build.0 = Debug|Any CPU
		{4CBF1EAA-9427-4E42-A206-5ABB1C1E63C1}.Debug|x64.ActiveCfg = Debug|Any CPU
		{4CBF1EAA-9427-4E42-A206-5ABB1C1E63C1}.Debug|x64.Build.0 = Debug|Any CPU
		{4CBF1EAA-9427-4E42-A206-5ABB1C1E63C1}.Debug|x86.ActiveCfg = Debug|Any CPU
		{4CBF1EAA-9427-4E42-A206-5ABB1C1E63C1}.Debug|x86.Build.0 = Debug|Any CPU
		{4CBF1EAA-9427-4E42-A206-5ABB1C1E63C1}.Release|Any CPU.ActiveCfg = Release|Any CPU
		{4CBF1EAA-9427-4E42-A206-5ABB1C1E63C1}.Release|Any CPU.Build.0 = Release|Any CPU
		{4CBF1EAA-9427-4E42-A206-5ABB1C1E63C1}.Release|x64.ActiveCfg = Release|Any CPU
		{4CBF1EAA-9427-4E42-A206-5ABB1C1E63C1}.Release|x64.Build.0 = Release|Any CPU
		{4CBF1EAA-9427-4E42-A206-5ABB1C1E63C1}.Release|x86.ActiveCfg = Release|Any CPU
		{4CBF1EAA-9427-4E42-A206-5ABB1C1E63C1}.Release|x86.Build.0 = Release|Any CPU
		{1D5EE1AC-B4A0-40A1-B3D3-5D570C5B797E}.Debug|Any CPU.ActiveCfg = Debug|Any CPU
		{1D5EE1AC-B4A0-40A1-B3D3-5D570C5B797E}.Debug|Any CPU.Build.0 = Debug|Any CPU
		{1D5EE1AC-B4A0-40A1-B3D3-5D570C5B797E}.Debug|x64.ActiveCfg = Debug|Any CPU
		{1D5EE1AC-B4A0-40A1-B3D3-5D570C5B797E}.Debug|x64.Build.0 = Debug|Any CPU
		{1D5EE1AC-B4A0-40A1-B3D3-5D570C5B797E}.Debug|x86.ActiveCfg = Debug|Any CPU
		{1D5EE1AC-B4A0-40A1-B3D3-5D570C5B797E}.Debug|x86.Build.0 = Debug|Any CPU
		{1D5EE1AC-B4A0-40A1-B3D3-5D570C5B797E}.Release|Any CPU.ActiveCfg = Release|Any CPU
		{1D5EE1AC-B4A0-40A1-B3D3-5D570C5B797E}.Release|Any CPU.Build.0 = Release|Any CPU
		{1D5EE1AC-B4A0-40A1-B3D3-5D570C5B797E}.Release|x64.ActiveCfg = Release|Any CPU
		{1D5EE1AC-B4A0-40A1-B3D3-5D570C5B797E}.Release|x64.Build.0 = Release|Any CPU
		{1D5EE1AC-B4A0-40A1-B3D3-5D570C5B797E}.Release|x86.ActiveCfg = Release|Any CPU
		{1D5EE1AC-B4A0-40A1-B3D3-5D570C5B797E}.Release|x86.Build.0 = Release|Any CPU
		{B8206453-DAAC-470F-9797-F7F9194BDD8F}.Debug|Any CPU.ActiveCfg = Debug|Any CPU
		{B8206453-DAAC-470F-9797-F7F9194BDD8F}.Debug|Any CPU.Build.0 = Debug|Any CPU
		{B8206453-DAAC-470F-9797-F7F9194BDD8F}.Debug|x64.ActiveCfg = Debug|Any CPU
		{B8206453-DAAC-470F-9797-F7F9194BDD8F}.Debug|x64.Build.0 = Debug|Any CPU
		{B8206453-DAAC-470F-9797-F7F9194BDD8F}.Debug|x86.ActiveCfg = Debug|Any CPU
		{B8206453-DAAC-470F-9797-F7F9194BDD8F}.Debug|x86.Build.0 = Debug|Any CPU
		{B8206453-DAAC-470F-9797-F7F9194BDD8F}.Release|Any CPU.ActiveCfg = Release|Any CPU
		{B8206453-DAAC-470F-9797-F7F9194BDD8F}.Release|Any CPU.Build.0 = Release|Any CPU
		{B8206453-DAAC-470F-9797-F7F9194BDD8F}.Release|x64.ActiveCfg = Release|Any CPU
		{B8206453-DAAC-470F-9797-F7F9194BDD8F}.Release|x64.Build.0 = Release|Any CPU
		{B8206453-DAAC-470F-9797-F7F9194BDD8F}.Release|x86.ActiveCfg = Release|Any CPU
		{B8206453-DAAC-470F-9797-F7F9194BDD8F}.Release|x86.Build.0 = Release|Any CPU
		{CA426919-7A4B-4265-B1B3-1A1E3F1E0186}.Debug|Any CPU.ActiveCfg = Debug|Any CPU
		{CA426919-7A4B-4265-B1B3-1A1E3F1E0186}.Debug|Any CPU.Build.0 = Debug|Any CPU
		{CA426919-7A4B-4265-B1B3-1A1E3F1E0186}.Debug|x64.ActiveCfg = Debug|Any CPU
		{CA426919-7A4B-4265-B1B3-1A1E3F1E0186}.Debug|x64.Build.0 = Debug|Any CPU
		{CA426919-7A4B-4265-B1B3-1A1E3F1E0186}.Debug|x86.ActiveCfg = Debug|Any CPU
		{CA426919-7A4B-4265-B1B3-1A1E3F1E0186}.Debug|x86.Build.0 = Debug|Any CPU
		{CA426919-7A4B-4265-B1B3-1A1E3F1E0186}.Release|Any CPU.ActiveCfg = Release|Any CPU
		{CA426919-7A4B-4265-B1B3-1A1E3F1E0186}.Release|Any CPU.Build.0 = Release|Any CPU
		{CA426919-7A4B-4265-B1B3-1A1E3F1E0186}.Release|x64.ActiveCfg = Release|Any CPU
		{CA426919-7A4B-4265-B1B3-1A1E3F1E0186}.Release|x64.Build.0 = Release|Any CPU
		{CA426919-7A4B-4265-B1B3-1A1E3F1E0186}.Release|x86.ActiveCfg = Release|Any CPU
		{CA426919-7A4B-4265-B1B3-1A1E3F1E0186}.Release|x86.Build.0 = Release|Any CPU
		{9ED7FD7E-FDC4-49B1-8A8F-0CAEACCBB0E3}.Debug|Any CPU.ActiveCfg = Debug|Any CPU
		{9ED7FD7E-FDC4-49B1-8A8F-0CAEACCBB0E3}.Debug|Any CPU.Build.0 = Debug|Any CPU
		{9ED7FD7E-FDC4-49B1-8A8F-0CAEACCBB0E3}.Debug|x64.ActiveCfg = Debug|Any CPU
		{9ED7FD7E-FDC4-49B1-8A8F-0CAEACCBB0E3}.Debug|x64.Build.0 = Debug|Any CPU
		{9ED7FD7E-FDC4-49B1-8A8F-0CAEACCBB0E3}.Debug|x86.ActiveCfg = Debug|Any CPU
		{9ED7FD7E-FDC4-49B1-8A8F-0CAEACCBB0E3}.Debug|x86.Build.0 = Debug|Any CPU
		{9ED7FD7E-FDC4-49B1-8A8F-0CAEACCBB0E3}.Release|Any CPU.ActiveCfg = Release|Any CPU
		{9ED7FD7E-FDC4-49B1-8A8F-0CAEACCBB0E3}.Release|Any CPU.Build.0 = Release|Any CPU
		{9ED7FD7E-FDC4-49B1-8A8F-0CAEACCBB0E3}.Release|x64.ActiveCfg = Release|Any CPU
		{9ED7FD7E-FDC4-49B1-8A8F-0CAEACCBB0E3}.Release|x64.Build.0 = Release|Any CPU
		{9ED7FD7E-FDC4-49B1-8A8F-0CAEACCBB0E3}.Release|x86.ActiveCfg = Release|Any CPU
		{9ED7FD7E-FDC4-49B1-8A8F-0CAEACCBB0E3}.Release|x86.Build.0 = Release|Any CPU
	EndGlobalSection
	GlobalSection(SolutionProperties) = preSolution
		HideSolutionNode = FALSE
	EndGlobalSection
EndGlobal
